
Microsoft Visual Studio Solution File, Format Version 12.00
# Visual Studio Version 17
VisualStudioVersion = 17.5.002.0
MinimumVisualStudioVersion = 10.0.40219.1
Project("{9A19103F-16F7-4668-BE54-9A1E7A4F7556}") = "Assignment1", "Assignment1.csproj", "{54A2B28A-EC10-4A9D-B708-81991F55EEBB}"
EndProject
Global
	GlobalSection(SolutionConfigurationPlatforms) = preSolution
		Debug|Any CPU = Debug|Any CPU
		Release|Any CPU = Release|Any CPU
	EndGlobalSection
	GlobalSection(ProjectConfigurationPlatforms) = postSolution
		{54A2B28A-EC10-4A9D-B708-81991F55EEBB}.Debug|Any CPU.ActiveCfg = Debug|Any CPU
		{54A2B28A-EC10-4A9D-B708-81991F55EEBB}.Debug|Any CPU.Build.0 = Debug|Any CPU
		{54A2B28A-EC10-4A9D-B708-81991F55EEBB}.Release|Any CPU.ActiveCfg = Release|Any CPU
		{54A2B28A-EC10-4A9D-B708-81991F55EEBB}.Release|Any CPU.Build.0 = Release|Any CPU
	EndGlobalSection
	GlobalSection(SolutionProperties) = preSolution
		HideSolutionNode = FALSE
	EndGlobalSection
	GlobalSection(ExtensibilityGlobals) = postSolution
		SolutionGuid = {8B60C604-09BA-4934-913E-83449EE477A4}
	EndGlobalSection
EndGlobal
